{
    "name": "node-red-project",
    "version": "0.0.1",
    "lockfileVersion": 1,
    "requires": true,
    "dependencies": {
        "node-red-contrib-intersystems-iris": {
            "version": "0.0.2",
            "resolved": "https://registry.npmjs.org/node-red-contrib-intersystems-iris/-/node-red-contrib-intersystems-iris-0.0.2.tgz",
            "integrity": "sha512-ApSlPhm4t7dAQyRSpbSzV8gEtH4OBmuiVK6XmF+KQv6ukhLXkd4C7XzJztlUFqJfxy6vTvFe14kZXACBelJKQA=="
        }
    }
}
